schema: '2.0'
stages:
  prepare:
    cmd: python src/prepare.py
    deps:
    - path: src/prepare.py
      hash: md5
      md5: 2e2a6d14874f39da7bdef1460f5454c0
      size: 391
    outs:
    - path: data/iris.csv
      hash: md5
      md5: 21d441a28bce4417276097df955afc50
      size: 2928
  train:
    cmd: python src/train.py
    deps:
    - path: data/iris.csv
      hash: md5
      md5: 21d441a28bce4417276097df955afc50
      size: 2928
    - path: src/train.py
      hash: md5
      md5: 13da528db2521b97046164440c2ac2a5
      size: 1324
    params:
      params.yaml:
        train.max_depth: 1
        train.n_estimators: 1
    outs:
    - path: metrics.json
      hash: md5
      md5: cc447a6d64103643ebeb25e433700c7a
      size: 17
    - path: models/model.pkl
      hash: md5
      md5: e29a8e3546525c862ac017320de74b5e
      size: 2433
